// !$*UTF8*$!
{
	archiveVersion = 1;
	classes = {
	};
	objectVersion = 46;
	objects = {

/* Begin PBXBuildFile section */
		270A01111E03C249002965A5 /* main.m in Sources */ = {isa = PBXBuildFile; fileRef = 270A01101E03C249002965A5 /* main.m */; };
		270A01141E03C249002965A5 /* AppDelegate.m in Sources */ = {isa = PBXBuildFile; fileRef = 270A01131E03C249002965A5 /* AppDelegate.m */; };
		270A011A1E03C249002965A5 /* Main.storyboard in Resources */ = {isa = PBXBuildFile; fileRef = 270A01181E03C249002965A5 /* Main.storyboard */; };
		270A011C1E03C249002965A5 /* Assets.xcassets in Resources */ = {isa = PBXBuildFile; fileRef = 270A011B1E03C249002965A5 /* Assets.xcassets */; };
		270A011F1E03C249002965A5 /* LaunchScreen.storyboard in Resources */ = {isa = PBXBuildFile; fileRef = 270A011D1E03C249002965A5 /* LaunchScreen.storyboard */; };
		270A012A1E03C249002965A5 /* MJExtension_ExploreTests.m in Sources */ = {isa = PBXBuildFile; fileRef = 270A01291E03C249002965A5 /* MJExtension_ExploreTests.m */; };
		270A01351E03C249002965A5 /* MJExtension_ExploreUITests.m in Sources */ = {isa = PBXBuildFile; fileRef = 270A01341E03C249002965A5 /* MJExtension_ExploreUITests.m */; };
		270A01431E03C308002965A5 /* PodFile in Resources */ = {isa = PBXBuildFile; fileRef = 270A01421E03C308002965A5 /* PodFile */; };
		270A01491E03C5C6002965A5 /* ZYPersonInfo.m in Sources */ = {isa = PBXBuildFile; fileRef = 270A01481E03C5C6002965A5 /* ZYPersonInfo.m */; };
		270A014C1E03C6C9002965A5 /* ZYPersonInfoVC.m in Sources */ = {isa = PBXBuildFile; fileRef = 270A014B1E03C6C9002965A5 /* ZYPersonInfoVC.m */; };
		270A014F1E03F6A1002965A5 /* ZYPersonView.m in Sources */ = {isa = PBXBuildFile; fileRef = 270A014E1E03F6A1002965A5 /* ZYPersonView.m */; };
		9D74BDA805E80017426140E9 /* libPods-MJExtension_Explore.a in Frameworks */ = {isa = PBXBuildFile; fileRef = D841257B834CF004F2FB1362 /* libPods-MJExtension_Explore.a */; };
/* End PBXBuildFile section */

/* Begin PBXContainerItemProxy section */
		270A01261E03C249002965A5 /* PBXContainerItemProxy */ = {
			isa = PBXContainerItemProxy;
			containerPortal = 270A01041E03C249002965A5 /* Project object */;
			proxyType = 1;
			remoteGlobalIDString = 270A010B1E03C249002965A5;
			remoteInfo = MJExtension_Explore;
		};
		270A01311E03C249002965A5 /* PBXContainerItemProxy */ = {
			isa = PBXContainerItemProxy;
			containerPortal = 270A01041E03C249002965A5 /* Project object */;
			proxyType = 1;
			remoteGlobalIDString = 270A010B1E03C249002965A5;
			remoteInfo = MJExtension_Explore;
		};
/* End PBXContainerItemProxy section */

/* Begin PBXFileReference section */
		270A010C1E03C249002965A5 /* MJExtension_Explore.app */ = {isa = PBXFileReference; explicitFileType = wrapper.application; includeInIndex = 0; path = MJExtension_Explore.app; sourceTree = BUILT_PRODUCTS_DIR; };
		270A01101E03C249002965A5 /* main.m */ = {isa = PBXFileReference; lastKnownFileType = sourcecode.c.objc; path = main.m; sourceTree = "<group>"; };
		270A01121E03C249002965A5 /* AppDelegate.h */ = {isa = PBXFileReference; lastKnownFileType = sourcecode.c.h; path = AppDelegate.h; sourceTree = "<group>"; };
		270A01131E03C249002965A5 /* AppDelegate.m */ = {isa = PBXFileReference; lastKnownFileType = sourcecode.c.objc; path = AppDelegate.m; sourceTree = "<group>"; };
		270A01191E03C249002965A5 /* Base */ = {isa = PBXFileReference; lastKnownFileType = file.storyboard; name = Base; path = Base.lproj/Main.storyboard; sourceTree = "<group>"; };
		270A011B1E03C249002965A5 /* Assets.xcassets */ = {isa = PBXFileReference; lastKnownFileType = folder.assetcatalog; path = Assets.xcassets; sourceTree = "<group>"; };
		270A011E1E03C249002965A5 /* Base */ = {isa = PBXFileReference; lastKnownFileType = file.storyboard; name = Base; path = Base.lproj/LaunchScreen.storyboard; sourceTree = "<group>"; };
		270A01201E03C249002965A5 /* Info.plist */ = {isa = PBXFileReference; lastKnownFileType = text.plist.xml; path = Info.plist; sourceTree = "<group>"; };
		270A01251E03C249002965A5 /* MJExtension_ExploreTests.xctest */ = {isa = PBXFileReference; explicitFileType = wrapper.cfbundle; includeInIndex = 0; path = MJExtension_ExploreTests.xctest; sourceTree = BUILT_PRODUCTS_DIR; };
		270A01291E03C249002965A5 /* MJExtension_ExploreTests.m */ = {isa = PBXFileReference; lastKnownFileType = sourcecode.c.objc; path = MJExtension_ExploreTests.m; sourceTree = "<group>"; };
		270A012B1E03C249002965A5 /* Info.plist */ = {isa = PBXFileReference; lastKnownFileType = text.plist.xml; path = Info.plist; sourceTree = "<group>"; };
		270A01301E03C249002965A5 /* MJExtension_ExploreUITests.xctest */ = {isa = PBXFileReference; explicitFileType = wrapper.cfbundle; includeInIndex = 0; path = MJExtension_ExploreUITests.xctest; sourceTree = BUILT_PRODUCTS_DIR; };
		270A01341E03C249002965A5 /* MJExtension_ExploreUITests.m */ = {isa = PBXFileReference; lastKnownFileType = sourcecode.c.objc; path = MJExtension_ExploreUITests.m; sourceTree = "<group>"; };
		270A01361E03C249002965A5 /* Info.plist */ = {isa = PBXFileReference; lastKnownFileType = text.plist.xml; path = Info.plist; sourceTree = "<group>"; };
		270A01421E03C308002965A5 /* PodFile */ = {isa = PBXFileReference; fileEncoding = 4; lastKnownFileType = text; path = PodFile; sourceTree = "<group>"; };
		270A01471E03C5C6002965A5 /* ZYPersonInfo.h */ = {isa = PBXFileReference; fileEncoding = 4; lastKnownFileType = sourcecode.c.h; path = ZYPersonInfo.h; sourceTree = "<group>"; };
		270A01481E03C5C6002965A5 /* ZYPersonInfo.m */ = {isa = PBXFileReference; fileEncoding = 4; lastKnownFileType = sourcecode.c.objc; path = ZYPersonInfo.m; sourceTree = "<group>"; };
		270A014A1E03C6C9002965A5 /* ZYPersonInfoVC.h */ = {isa = PBXFileReference; fileEncoding = 4; lastKnownFileType = sourcecode.c.h; path = ZYPersonInfoVC.h; sourceTree = "<group>"; };
		270A014B1E03C6C9002965A5 /* ZYPersonInfoVC.m */ = {isa = PBXFileReference; fileEncoding = 4; lastKnownFileType = sourcecode.c.objc; path = ZYPersonInfoVC.m; sourceTree = "<group>"; };
		270A014D1E03F6A1002965A5 /* ZYPersonView.h */ = {isa = PBXFileReference; fileEncoding = 4; lastKnownFileType = sourcecode.c.h; path = ZYPersonView.h; sourceTree = "<group>"; };
		270A014E1E03F6A1002965A5 /* ZYPersonView.m */ = {isa = PBXFileReference; fileEncoding = 4; lastKnownFileType = sourcecode.c.objc; path = ZYPersonView.m; sourceTree = "<group>"; };
		4B520072452DCA85B25A2304 /* Pods-MJExtension_Explore.release.xcconfig */ = {isa = PBXFileReference; includeInIndex = 1; lastKnownFileType = text.xcconfig; name = "Pods-MJExtension_Explore.release.xcconfig"; path = "Pods/Target Support Files/Pods-MJExtension_Explore/Pods-MJExtension_Explore.release.xcconfig"; sourceTree = "<group>"; };
		518508639DA1C8B30DAA2D6B /* Pods-MJExtension_Explore.debug.xcconfig */ = {isa = PBXFileReference; includeInIndex = 1; lastKnownFileType = text.xcconfig; name = "Pods-MJExtension_Explore.debug.xcconfig"; path = "Pods/Target Support Files/Pods-MJExtension_Explore/Pods-MJExtension_Explore.debug.xcconfig"; sourceTree = "<group>"; };
		D841257B834CF004F2FB1362 /* libPods-MJExtension_Explore.a */ = {isa = PBXFileReference; explicitFileType = archive.ar; includeInIndex = 0; path = "libPods-MJExtension_Explore.a"; sourceTree = BUILT_PRODUCTS_DIR; };
/* End PBXFileReference section */

/* Begin PBXFrameworksBuildPhase section */
		270A01091E03C249002965A5 /* Frameworks */ = {
			isa = PBXFrameworksBuildPhase;
			buildActionMask = 2147483647;
			files = (
				9D74BDA805E80017426140E9 /* libPods-MJExtension_Explore.a in Frameworks */,
			);
			runOnlyForDeploymentPostprocessing = 0;
		};
		270A01221E03C249002965A5 /* Frameworks */ = {
			isa = PBXFrameworksBuildPhase;
			buildActionMask = 2147483647;
			files = (
			);
			runOnlyForDeploymentPostprocessing = 0;
		};
		270A012D1E03C249002965A5 /* Frameworks */ = {
			isa = PBXFrameworksBuildPhase;
			buildActionMask = 2147483647;
			files = (
			);
			runOnlyForDeploymentPostprocessing = 0;
		};
/* End PBXFrameworksBuildPhase section */

/* Begin PBXGroup section */
		270A01031E03C249002965A5 = {
			isa = PBXGroup;
			children = (
				270A01421E03C308002965A5 /* PodFile */,
				270A010E1E03C249002965A5 /* MJExtension_Explore */,
				270A01281E03C249002965A5 /* MJExtension_ExploreTests */,
				270A01331E03C249002965A5 /* MJExtension_ExploreUITests */,
				270A010D1E03C249002965A5 /* Products */,
				E4FCA6E2D999A3FCAF08FC34 /* Pods */,
				361FEB95FF6DCB0736B1E1F2 /* Frameworks */,
			);
			sourceTree = "<group>";
		};
		270A010D1E03C249002965A5 /* Products */ = {
			isa = PBXGroup;
			children = (
				270A010C1E03C249002965A5 /* MJExtension_Explore.app */,
				270A01251E03C249002965A5 /* MJExtension_ExploreTests.xctest */,
				270A01301E03C249002965A5 /* MJExtension_ExploreUITests.xctest */,
			);
			name = Products;
			sourceTree = "<group>";
		};
		270A010E1E03C249002965A5 /* MJExtension_Explore */ = {
			isa = PBXGroup;
			children = (
				270A01441E03C574002965A5 /* Controller */,
				270A01451E03C574002965A5 /* Model */,
				270A01461E03C574002965A5 /* View */,
				270A01121E03C249002965A5 /* AppDelegate.h */,
				270A01131E03C249002965A5 /* AppDelegate.m */,
				270A01181E03C249002965A5 /* Main.storyboard */,
				270A011B1E03C249002965A5 /* Assets.xcassets */,
				270A011D1E03C249002965A5 /* LaunchScreen.storyboard */,
				270A01201E03C249002965A5 /* Info.plist */,
				270A010F1E03C249002965A5 /* Supporting Files */,
			);
			path = MJExtension_Explore;
			sourceTree = "<group>";
		};
		270A010F1E03C249002965A5 /* Supporting Files */ = {
			isa = PBXGroup;
			children = (
				270A01101E03C249002965A5 /* main.m */,
			);
			name = "Supporting Files";
			sourceTree = "<group>";
		};
		270A01281E03C249002965A5 /* MJExtension_ExploreTests */ = {
			isa = PBXGroup;
			children = (
				270A01291E03C249002965A5 /* MJExtension_ExploreTests.m */,
				270A012B1E03C249002965A5 /* Info.plist */,
			);
			path = MJExtension_ExploreTests;
			sourceTree = "<group>";
		};
		270A01331E03C249002965A5 /* MJExtension_ExploreUITests */ = {
			isa = PBXGroup;
			children = (
				270A01341E03C249002965A5 /* MJExtension_ExploreUITests.m */,
				270A01361E03C249002965A5 /* Info.plist */,
			);
			path = MJExtension_ExploreUITests;
			sourceTree = "<group>";
		};
		270A01441E03C574002965A5 /* Controller */ = {
			isa = PBXGroup;
			children = (
				270A014A1E03C6C9002965A5 /* ZYPersonInfoVC.h */,
				270A014B1E03C6C9002965A5 /* ZYPersonInfoVC.m */,
			);
			path = Controller;
			sourceTree = "<group>";
		};
		270A01451E03C574002965A5 /* Model */ = {
			isa = PBXGroup;
			children = (
				270A01471E03C5C6002965A5 /* ZYPersonInfo.h */,
				270A01481E03C5C6002965A5 /* ZYPersonInfo.m */,
			);
			path = Model;
			sourceTree = "<group>";
		};
		270A01461E03C574002965A5 /* View */ = {
			isa = PBXGroup;
			children = (
				270A014D1E03F6A1002965A5 /* ZYPersonView.h */,
				270A014E1E03F6A1002965A5 /* ZYPersonView.m */,
			);
			path = View;
			sourceTree = "<group>";
		};
		361FEB95FF6DCB0736B1E1F2 /* Frameworks */ = {
			isa = PBXGroup;
			children = (
				D841257B834CF004F2FB1362 /* libPods-MJExtension_Explore.a */,
			);
			name = Frameworks;
			sourceTree = "<group>";
		};
		E4FCA6E2D999A3FCAF08FC34 /* Pods */ = {
			isa = PBXGroup;
			children = (
				518508639DA1C8B30DAA2D6B /* Pods-MJExtension_Explore.debug.xcconfig */,
				4B520072452DCA85B25A2304 /* Pods-MJExtension_Explore.release.xcconfig */,
			);
			name = Pods;
			sourceTree = "<group>";
		};
/* End PBXGroup section */

/* Begin PBXNativeTarget section */
		270A010B1E03C249002965A5 /* MJExtension_Explore */ = {
			isa = PBXNativeTarget;
			buildConfigurationList = 270A01391E03C249002965A5 /* Build configuration list for PBXNativeTarget "MJExtension_Explore" */;
			buildPhases = (
				D188B55E6956BFBF86A54BDD /* 📦 Check Pods Manifest.lock */,
				270A01081E03C249002965A5 /* Sources */,
				270A01091E03C249002965A5 /* Frameworks */,
				270A010A1E03C249002965A5 /* Resources */,
				ECAFC4C3542E11FCA3CF96AC /* 📦 Embed Pods Frameworks */,
				B710C28EA007957AD0EB9AC3 /* 📦 Copy Pods Resources */,
			);
			buildRules = (
			);
			dependencies = (
			);
			name = MJExtension_Explore;
			productName = MJExtension_Explore;
			productReference = 270A010C1E03C249002965A5 /* MJExtension_Explore.app */;
			productType = "com.apple.product-type.application";
		};
		270A01241E03C249002965A5 /* MJExtension_ExploreTests */ = {
			isa = PBXNativeTarget;
			buildConfigurationList = 270A013C1E03C249002965A5 /* Build configuration list for PBXNativeTarget "MJExtension_ExploreTests" */;
			buildPhases = (
				270A01211E03C249002965A5 /* Sources */,
				270A01221E03C249002965A5 /* Frameworks */,
				270A01231E03C249002965A5 /* Resources */,
			);
			buildRules = (
			);
			dependencies = (
				270A01271E03C249002965A5 /* PBXTargetDependency */,
			);
			name = MJExtension_ExploreTests;
			productName = MJExtension_ExploreTests;
			productReference = 270A01251E03C249002965A5 /* MJExtension_ExploreTests.xctest */;
			productType = "com.apple.product-type.bundle.unit-test";
		};
		270A012F1E03C249002965A5 /* MJExtension_ExploreUITests */ = {
			isa = PBXNativeTarget;
			buildConfigurationList = 270A013F1E03C249002965A5 /* Build configuration list for PBXNativeTarget "MJExtension_ExploreUITests" */;
			buildPhases = (
				270A012C1E03C249002965A5 /* Sources */,
				270A012D1E03C249002965A5 /* Frameworks */,
				270A012E1E03C249002965A5 /* Resources */,
			);
			buildRules = (
			);
			dependencies = (
				270A01321E03C249002965A5 /* PBXTargetDependency */,
			);
			name = MJExtension_ExploreUITests;
			productName = MJExtension_ExploreUITests;
			productReference = 270A01301E03C249002965A5 /* MJExtension_ExploreUITests.xctest */;
			productType = "com.apple.product-type.bundle.ui-testing";
		};
/* End PBXNativeTarget section */

/* Begin PBXProject section */
		270A01041E03C249002965A5 /* Project object */ = {
			isa = PBXProject;
			attributes = {
				CLASSPREFIX = ZY;
				LastUpgradeCheck = 0810;
				ORGANIZATIONNAME = "Rephontil/Yong Zhou";
				TargetAttributes = {
					270A010B1E03C249002965A5 = {
						CreatedOnToolsVersion = 8.1;
						DevelopmentTeam = XXRZJ9B3W5;
						ProvisioningStyle = Automatic;
					};
					270A01241E03C249002965A5 = {
						CreatedOnToolsVersion = 8.1;
						DevelopmentTeam = XXRZJ9B3W5;
						ProvisioningStyle = Automatic;
						TestTargetID = 270A010B1E03C249002965A5;
					};
					270A012F1E03C249002965A5 = {
						CreatedOnToolsVersion = 8.1;
						DevelopmentTeam = XXRZJ9B3W5;
						ProvisioningStyle = Automatic;
						TestTargetID = 270A010B1E03C249002965A5;
					};
				};
			};
			buildConfigurationList = 270A01071E03C249002965A5 /* Build configuration list for PBXProject "MJExtension_Explore" */;
			compatibilityVersion = "Xcode 3.2";
			developmentRegion = English;
			hasScannedForEncodings = 0;
			knownRegions = (
				en,
				Base,
			);
			mainGroup = 270A01031E03C249002965A5;
			productRefGroup = 270A010D1E03C249002965A5 /* Products */;
			projectDirPath = "";
			projectRoot = "";
			targets = (
				270A010B1E03C249002965A5 /* MJExtension_Explore */,
				270A01241E03C249002965A5 /* MJExtension_ExploreTests */,
				270A012F1E03C249002965A5 /* MJExtension_ExploreUITests */,
			);
		};
/* End PBXProject section */

/* Begin PBXResourcesBuildPhase section */
		270A010A1E03C249002965A5 /* Resources */ = {
			isa = PBXResourcesBuildPhase;
			buildActionMask = 2147483647;
			files = (
				270A011F1E03C249002965A5 /* LaunchScreen.storyboard in Resources */,
				270A011C1E03C249002965A5 /* Assets.xcassets in Resources */,
				270A01431E03C308002965A5 /* PodFile in Resources */,
				270A011A1E03C249002965A5 /* Main.storyboard in Resources */,
			);
			runOnlyForDeploymentPostprocessing = 0;
		};
		270A01231E03C249002965A5 /* Resources */ = {
			isa = PBXResourcesBuildPhase;
			buildActionMask = 2147483647;
			files = (
			);
			runOnlyForDeploymentPostprocessing = 0;
		};
		270A012E1E03C249002965A5 /* Resources */ = {
			isa = PBXResourcesBuildPhase;
			buildActionMask = 2147483647;
			files = (
			);
			runOnlyForDeploymentPostprocessing = 0;
		};
/* End PBXResourcesBuildPhase section */

/* Begin PBXShellScriptBuildPhase section */
		B710C28EA007957AD0EB9AC3 /* 📦 Copy Pods Resources */ = {
			isa = PBXShellScriptBuildPhase;
			buildActionMask = 2147483647;
			files = (
			);
			inputPaths = (
			);
			name = "📦 Copy Pods Resources";
			outputPaths = (
			);
			runOnlyForDeploymentPostprocessing = 0;
			shellPath = /bin/sh;
			shellScript = "\"${SRCROOT}/Pods/Target Support Files/Pods-MJExtension_Explore/Pods-MJExtension_Explore-resources.sh\"\n";
			showEnvVarsInLog = 0;
		};
		D188B55E6956BFBF86A54BDD /* 📦 Check Pods Manifest.lock */ = {
			isa = PBXShellScriptBuildPhase;
			buildActionMask = 2147483647;
			files = (
			);
			inputPaths = (
			);
			name = "📦 Check Pods Manifest.lock";
			outputPaths = (
			);
			runOnlyForDeploymentPostprocessing = 0;
			shellPath = /bin/sh;
			shellScript = "diff \"${PODS_ROOT}/../Podfile.lock\" \"${PODS_ROOT}/Manifest.lock\" > /dev/null\nif [[ $? != 0 ]] ; then\n    cat << EOM\nerror: The sandbox is not in sync with the Podfile.lock. Run 'pod install' or update your CocoaPods installation.\nEOM\n    exit 1\nfi\n";
			showEnvVarsInLog = 0;
		};
		ECAFC4C3542E11FCA3CF96AC /* 📦 Embed Pods Frameworks */ = {
			isa = PBXShellScriptBuildPhase;
			buildActionMask = 2147483647;
			files = (
			);
			inputPaths = (
			);
			name = "📦 Embed Pods Frameworks";
			outputPaths = (
			);
			runOnlyForDeploymentPostprocessing = 0;
			shellPath = /bin/sh;
			shellScript = "\"${SRCROOT}/Pods/Target Support Files/Pods-MJExtension_Explore/Pods-MJExtension_Explore-frameworks.sh\"\n";
			showEnvVarsInLog = 0;
		};
/* End PBXShellScriptBuildPhase section */

/* Begin PBXSourcesBuildPhase section */
		270A01081E03C249002965A5 /* Sources */ = {
			isa = PBXSourcesBuildPhase;
			buildActionMask = 2147483647;
			files = (
				270A014C1E03C6C9002965A5 /* ZYPersonInfoVC.m in Sources */,
				270A01141E03C249002965A5 /* AppDelegate.m in Sources */,
				270A014F1E03F6A1002965A5 /* ZYPersonView.m in Sources */,
				270A01111E03C249002965A5 /* main.m in Sources */,
				270A01491E03C5C6002965A5 /* ZYPersonInfo.m in Sources */,
			);
			runOnlyForDeploymentPostprocessing = 0;
		};
		270A01211E03C249002965A5 /* Sources */ = {
			isa = PBXSourcesBuildPhase;
			buildActionMask = 2147483647;
			files = (
				270A012A1E03C249002965A5 /* MJExtension_ExploreTests.m in Sources */,
			);
			runOnlyForDeploymentPostprocessing = 0;
		};
		270A012C1E03C249002965A5 /* Sources */ = {
			isa = PBXSourcesBuildPhase;
			buildActionMask = 2147483647;
			files = (
				270A01351E03C249002965A5 /* MJExtension_ExploreUITests.m in Sources */,
			);
			runOnlyForDeploymentPostprocessing = 0;
		};
/* End PBXSourcesBuildPhase section */

/* Begin PBXTargetDependency section */
		270A01271E03C249002965A5 /* PBXTargetDependency */ = {
			isa = PBXTargetDependency;
			target = 270A010B1E03C249002965A5 /* MJExtension_Explore */;
			targetProxy = 270A01261E03C249002965A5 /* PBXContainerItemProxy */;
		};
		270A01321E03C249002965A5 /* PBXTargetDependency */ = {
			isa = PBXTargetDependency;
			target = 270A010B1E03C249002965A5 /* MJExtension_Explore */;
			targetProxy = 270A01311E03C249002965A5 /* PBXContainerItemProxy */;
		};
/* End PBXTargetDependency section */

/* Begin PBXVariantGroup section */
		270A01181E03C249002965A5 /* Main.storyboard */ = {
			isa = PBXVariantGroup;
			children = (
				270A01191E03C249002965A5 /* Base */,
			);
			name = Main.storyboard;
			sourceTree = "<group>";
		};
		270A011D1E03C249002965A5 /* LaunchScreen.storyboard */ = {
			isa = PBXVariantGroup;
			children = (
				270A011E1E03C249002965A5 /* Base */,
			);
			name = LaunchScreen.storyboard;
			sourceTree = "<group>";
		};
/* End PBXVariantGroup section */

/* Begin XCBuildConfiguration section */
		270A01371E03C249002965A5 /* Debug */ = {
			isa = XCBuildConfiguration;
			buildSettings = {
				ALWAYS_SEARCH_USER_PATHS = NO;
				CLANG_ANALYZER_NONNULL = YES;
				CLANG_CXX_LANGUAGE_STANDARD = "gnu++0x";
				CLANG_CXX_LIBRARY = "libc++";
				CLANG_ENABLE_MODULES = YES;
				CLANG_ENABLE_OBJC_ARC = YES;
				CLANG_WARN_BOOL_CONVERSION = YES;
				CLANG_WARN_CONSTANT_CONVERSION = YES;
				CLANG_WARN_DIRECT_OBJC_ISA_USAGE = YES_ERROR;
				CLANG_WARN_DOCUMENTATION_COMMENTS = YES;
				CLANG_WARN_EMPTY_BODY = YES;
				CLANG_WARN_ENUM_CONVERSION = YES;
				CLANG_WARN_INFINITE_RECURSION = YES;
				CLANG_WARN_INT_CONVERSION = YES;
				CLANG_WARN_OBJC_ROOT_CLASS = YES_ERROR;
				CLANG_WARN_SUSPICIOUS_MOVES = YES;
				CLANG_WARN_UNREACHABLE_CODE = YES;
				CLANG_WARN__DUPLICATE_METHOD_MATCH = YES;
				"CODE_SIGN_IDENTITY[sdk=iphoneos*]" = "iPhone Developer";
				COPY_PHASE_STRIP = NO;
				DEBUG_INFORMATION_FORMAT = dwarf;
				ENABLE_STRICT_OBJC_MSGSEND = YES;
				ENABLE_TESTABILITY = YES;
				GCC_C_LANGUAGE_STANDARD = gnu99;
				GCC_DYNAMIC_NO_PIC = NO;
				GCC_NO_COMMON_BLOCKS = YES;
				GCC_OPTIMIZATION_LEVEL = 0;
				GCC_PREPROCESSOR_DEFINITIONS = (
					"DEBUG=1",
					"$(inherited)",
				);
				GCC_WARN_64_TO_32_BIT_CONVERSION = YES;
				GCC_WARN_ABOUT_RETURN_TYPE = YES_ERROR;
				GCC_WARN_UNDECLARED_SELECTOR = YES;
				GCC_WARN_UNINITIALIZED_AUTOS = YES_AGGRESSIVE;
				GCC_WARN_UNUSED_FUNCTION = YES;
				GCC_WARN_UNUSED_VARIABLE = YES;
				IPHONEOS_DEPLOYMENT_TARGET = 10.1;
				MTL_ENABLE_DEBUG_INFO = YES;
				ONLY_ACTIVE_ARCH = YES;
				SDKROOT = iphoneos;
				TARGETED_DEVICE_FAMILY = "1,2";
			};
			name = Debug;
		};
		270A01381E03C249002965A5 /* Release */ = {
			isa = XCBuildConfiguration;
			buildSettings = {
				ALWAYS_SEARCH_USER_PATHS = NO;
				CLANG_ANALYZER_NONNULL = YES;
				CLANG_CXX_LANGUAGE_STANDARD = "gnu++0x";
				CLANG_CXX_LIBRARY = "libc++";
				CLANG_ENABLE_MODULES = YES;
				CLANG_ENABLE_OBJC_ARC = YES;
				CLANG_WARN_BOOL_CONVERSION = YES;
				CLANG_WARN_CONSTANT_CONVERSION = YES;
				CLANG_WARN_DIRECT_OBJC_ISA_USAGE = YES_ERROR;
				CLANG_WARN_DOCUMENTATION_COMMENTS = YES;
				CLANG_WARN_EMPTY_BODY = YES;
				CLANG_WARN_ENUM_CONVERSION = YES;
				CLANG_WARN_INFINITE_RECURSION = YES;
				CLANG_WARN_INT_CONVERSION = YES;
				CLANG_WARN_OBJC_ROOT_CLASS = YES_ERROR;
				CLANG_WARN_SUSPICIOUS_MOVES = YES;
				CLANG_WARN_UNREACHABLE_CODE = YES;
				CLANG_WARN__DUPLICATE_METHOD_MATCH = YES;
				"CODE_SIGN_IDENTITY[sdk=iphoneos*]" = "iPhone Developer";
				COPY_PHASE_STRIP = NO;
				DEBUG_INFORMATION_FORMAT = "dwarf-with-dsym";
				ENABLE_NS_ASSERTIONS = NO;
				ENABLE_STRICT_OBJC_MSGSEND = YES;
				GCC_C_LANGUAGE_STANDARD = gnu99;
				GCC_NO_COMMON_BLOCKS = YES;
				GCC_WARN_64_TO_32_BIT_CONVERSION = YES;
				GCC_WARN_ABOUT_RETURN_TYPE = YES_ERROR;
				GCC_WARN_UNDECLARED_SELECTOR = YES;
				GCC_WARN_UNINITIALIZED_AUTOS = YES_AGGRESSIVE;
				GCC_WARN_UNUSED_FUNCTION = YES;
				GCC_WARN_UNUSED_VARIABLE = YES;
				IPHONEOS_DEPLOYMENT_TARGET = 10.1;
				MTL_ENABLE_DEBUG_INFO = NO;
				SDKROOT = iphoneos;
				TARGETED_DEVICE_FAMILY = "1,2";
				VALIDATE_PRODUCT = YES;
			};
			name = Release;
		};
		270A013A1E03C249002965A5 /* Debug */ = {
			isa = XCBuildConfiguration;
			baseConfigurationReference = 518508639DA1C8B30DAA2D6B /* Pods-MJExtension_Explore.debug.xcconfig */;
			buildSettings = {
				ASSETCATALOG_COMPILER_APPICON_NAME = AppIcon;
				DEVELOPMENT_TEAM = XXRZJ9B3W5;
				INFOPLIST_FILE = MJExtension_Explore/Info.plist;
				LD_RUNPATH_SEARCH_PATHS = "$(inherited) @executable_path/Frameworks";
				PRODUCT_BUNDLE_IDENTIFIER = "com.kidstone.MJExtension-Explore";
				PRODUCT_NAME = "$(TARGET_NAME)";
			};
			name = Debug;
		};
		270A013B1E03C249002965A5 /* Release */ = {
			isa = XCBuildConfiguration;
			baseConfigurationReference = 4B520072452DCA85B25A2304 /* Pods-MJExtension_Explore.release.xcconfig */;
			buildSettings = {
				ASSETCATALOG_COMPILER_APPICON_NAME = AppIcon;
				DEVELOPMENT_TEAM = XXRZJ9B3W5;
				INFOPLIST_FILE = MJExtension_Explore/Info.plist;
				LD_RUNPATH_SEARCH_PATHS = "$(inherited) @executable_path/Frameworks";
				PRODUCT_BUNDLE_IDENTIFIER = "com.kidstone.MJExtension-Explore";
				PRODUCT_NAME = "$(TARGET_NAME)";
			};
			name = Release;
		};
		270A013D1E03C249002965A5 /* Debug */ = {
			isa = XCBuildConfiguration;
			buildSettings = {
				BUNDLE_LOADER = "$(TEST_HOST)";
				DEVELOPMENT_TEAM = XXRZJ9B3W5;
				INFOPLIST_FILE = MJExtension_ExploreTests/Info.plist;
				LD_RUNPATH_SEARCH_PATHS = "$(inherited) @executable_path/Frameworks @loader_path/Frameworks";
				PRODUCT_BUNDLE_IDENTIFIER = "com.kidstone.MJExtension-ExploreTests";
				PRODUCT_NAME = "$(TARGET_NAME)";
				TEST_HOST = "$(BUILT_PRODUCTS_DIR)/MJExtension_Explore.app/MJExtension_Explore";
			};
			name = Debug;
		};
		270A013E1E03C249002965A5 /* Release */ = {
			isa = XCBuildConfiguration;
			buildSettings = {
				BUNDLE_LOADER = "$(TEST_HOST)";
				DEVELOPMENT_TEAM = XXRZJ9B3W5;
				INFOPLIST_FILE = MJExtension_ExploreTests/Info.plist;
				LD_RUNPATH_SEARCH_PATHS = "$(inherited) @executable_path/Frameworks @loader_path/Frameworks";
				PRODUCT_BUNDLE_IDENTIFIER = "com.kidstone.MJExtension-ExploreTests";
				PRODUCT_NAME = "$(TARGET_NAME)";
				TEST_HOST = "$(BUILT_PRODUCTS_DIR)/MJExtension_Explore.app/MJExtension_Explore";
			};
			name = Release;
		};
		270A01401E03C249002965A5 /* Debug */ = {
			isa = XCBuildConfiguration;
			buildSettings = {
				DEVELOPMENT_TEAM = XXRZJ9B3W5;
				INFOPLIST_FILE = MJExtension_ExploreUITests/Info.plist;
				LD_RUNPATH_SEARCH_PATHS = "$(inherited) @executable_path/Frameworks @loader_path/Frameworks";
				PRODUCT_BUNDLE_IDENTIFIER = "com.kidstone.MJExtension-ExploreUITests";
				PRODUCT_NAME = "$(TARGET_NAME)";
				TEST_TARGET_NAME = MJExtension_Explore;
			};
			name = Debug;
		};
		270A01411E03C249002965A5 /* Release */ = {
			isa = XCBuildConfiguration;
			buildSettings = {
				DEVELOPMENT_TEAM = XXRZJ9B3W5;
				INFOPLIST_FILE = MJExtension_ExploreUITests/Info.plist;
				LD_RUNPATH_SEARCH_PATHS = "$(inherited) @executable_path/Frameworks @loader_path/Frameworks";
				PRODUCT_BUNDLE_IDENTIFIER = "com.kidstone.MJExtension-ExploreUITests";
				PRODUCT_NAME = "$(TARGET_NAME)";
				TEST_TARGET_NAME = MJExtension_Explore;
			};
			name = Release;
		};
/* End XCBuildConfiguration section */

/* Begin XCConfigurationList section */
		270A01071E03C249002965A5 /* Build configuration list for PBXProject "MJExtension_Explore" */ = {
			isa = XCConfigurationList;
			buildConfigurations = (
				270A01371E03C249002965A5 /* Debug */,
				270A01381E03C249002965A5 /* Release */,
			);
			defaultConfigurationIsVisible = 0;
			defaultConfigurationName = Release;
		};
		270A01391E03C249002965A5 /* Build configuration list for PBXNativeTarget "MJExtension_Explore" */ = {
			isa = XCConfigurationList;
			buildConfigurations = (
				270A013A1E03C249002965A5 /* Debug */,
				270A013B1E03C249002965A5 /* Release */,
			);
			defaultConfigurationIsVisible = 0;
			defaultConfigurationName = Release;
		};
		270A013C1E03C249002965A5 /* Build configuration list for PBXNativeTarget "MJExtension_ExploreTests" */ = {
			isa = XCConfigurationList;
			buildConfigurations = (
				270A013D1E03C249002965A5 /* Debug */,
				270A013E1E03C249002965A5 /* Release */,
			);
			defaultConfigurationIsVisible = 0;
			defaultConfigurationName = Release;
		};
		270A013F1E03C249002965A5 /* Build configuration list for PBXNativeTarget "MJExtension_ExploreUITests" */ = {
			isa = XCConfigurationList;
			buildConfigurations = (
				270A01401E03C249002965A5 /* Debug */,
				270A01411E03C249002965A5 /* Release */,
			);
			defaultConfigurationIsVisible = 0;
			defaultConfigurationName = Release;
		};
/* End XCConfigurationList section */
	};
	rootObject = 270A01041E03C249002965A5 /* Project object */;
}
